
Microsoft Visual Studio Solution File, Format Version 12.00
# Visual Studio Version 16
VisualStudioVersion = 16.0.29519.87
MinimumVisualStudioVersion = 10.0.40219.1
Project("{8BC9CEB8-8B4A-11D0-8D11-00A0C91BC942}") = "Plagerism_Checker", "Plagerism_Checker\Plagerism_Checker.vcxproj", "{14EAB61E-6A29-493B-B339-75A5D55879A2}"
EndProject
Global
	GlobalSection(SolutionConfigurationPlatforms) = preSolution
		Debug|x64 = Debug|x64
		Debug|x86 = Debug|x86
		Release|x64 = Release|x64
		Release|x86 = Release|x86
	EndGlobalSection
	GlobalSection(ProjectConfigurationPlatforms) = postSolution
		{14EAB61E-6A29-493B-B339-75A5D55879A2}.Debug|x64.ActiveCfg = Debug|x64
		{14EAB61E-6A29-493B-B339-75A5D55879A2}.Debug|x64.Build.0 = Debug|x64
		{14EAB61E-6A29-493B-B339-75A5D55879A2}.Debug|x86.ActiveCfg = Debug|Win32
		{14EAB61E-6A29-493B-B339-75A5D55879A2}.Debug|x86.Build.0 = Debug|Win32
		{14EAB61E-6A29-493B-B339-75A5D55879A2}.Release|x64.ActiveCfg = Release|x64
		{14EAB61E-6A29-493B-B339-75A5D55879A2}.Release|x64.Build.0 = Release|x64
		{14EAB61E-6A29-493B-B339-75A5D55879A2}.Release|x86.ActiveCfg = Release|Win32
		{14EAB61E-6A29-493B-B339-75A5D55879A2}.Release|x86.Build.0 = Release|Win32
	EndGlobalSection
	GlobalSection(SolutionProperties) = preSolution
		HideSolutionNode = FALSE
	EndGlobalSection
	GlobalSection(ExtensibilityGlobals) = postSolution
		SolutionGuid = {36B98237-39C2-4769-89C2-A27D88020CE0}
	EndGlobalSection
EndGlobal
